
Microsoft Visual Studio Solution File, Format Version 12.00
# Visual Studio Version 16
VisualStudioVersion = 16.0.29926.136
MinimumVisualStudioVersion = 10.0.40219.1
Project("{8BC9CEB8-8B4A-11D0-8D11-00A0C91BC942}") = "Templates", "Templates\Templates.vcxproj", "{AAFB115D-39CE-4F41-8952-1AF11CED4379}"
EndProject
Project("{8BC9CEB8-8B4A-11D0-8D11-00A0C91BC942}") = "Macros", "Macros\Macros.vcxproj", "{1D9C2D74-ED36-4B96-ADC5-F37FFBEB84AF}"
EndProject
Project("{8BC9CEB8-8B4A-11D0-8D11-00A0C91BC942}") = "Polymorphism", "Polymorphism\Polymorphism.vcxproj", "{133E8E86-6206-4205-A74C-C70BE929F6B4}"
EndProject
Project("{8BC9CEB8-8B4A-11D0-8D11-00A0C91BC942}") = "lvalues-rvalues", "lvalues-rvalues\lvalues-rvalues.vcxproj", "{A0F056E9-5FE2-438D-A126-70CBFA4814C7}"
EndProject
Project("{8BC9CEB8-8B4A-11D0-8D11-00A0C91BC942}") = "ClassSpecialMembers", "ClassSpecialMembers\ClassSpecialMembers.vcxproj", "{E1DBA85B-3E46-4754-A33E-3E70AF54BDEE}"
EndProject
Global
	GlobalSection(SolutionConfigurationPlatforms) = preSolution
		Debug|x64 = Debug|x64
		Debug|x86 = Debug|x86
		Release|x64 = Release|x64
		Release|x86 = Release|x86
	EndGlobalSection
	GlobalSection(ProjectConfigurationPlatforms) = postSolution
		{AAFB115D-39CE-4F41-8952-1AF11CED4379}.Debug|x64.ActiveCfg = Debug|x64
		{AAFB115D-39CE-4F41-8952-1AF11CED4379}.Debug|x64.Build.0 = Debug|x64
		{AAFB115D-39CE-4F41-8952-1AF11CED4379}.Debug|x86.ActiveCfg = Debug|Win32
		{AAFB115D-39CE-4F41-8952-1AF11CED4379}.Debug|x86.Build.0 = Debug|Win32
		{AAFB115D-39CE-4F41-8952-1AF11CED4379}.Release|x64.ActiveCfg = Release|x64
		{AAFB115D-39CE-4F41-8952-1AF11CED4379}.Release|x64.Build.0 = Release|x64
		{AAFB115D-39CE-4F41-8952-1AF11CED4379}.Release|x86.ActiveCfg = Release|Win32
		{AAFB115D-39CE-4F41-8952-1AF11CED4379}.Release|x86.Build.0 = Release|Win32
		{1D9C2D74-ED36-4B96-ADC5-F37FFBEB84AF}.Debug|x64.ActiveCfg = Debug|x64
		{1D9C2D74-ED36-4B96-ADC5-F37FFBEB84AF}.Debug|x64.Build.0 = Debug|x64
		{1D9C2D74-ED36-4B96-ADC5-F37FFBEB84AF}.Debug|x86.ActiveCfg = Debug|Win32
		{1D9C2D74-ED36-4B96-ADC5-F37FFBEB84AF}.Debug|x86.Build.0 = Debug|Win32
		{1D9C2D74-ED36-4B96-ADC5-F37FFBEB84AF}.Release|x64.ActiveCfg = Release|x64
		{1D9C2D74-ED36-4B96-ADC5-F37FFBEB84AF}.Release|x64.Build.0 = Release|x64
		{1D9C2D74-ED36-4B96-ADC5-F37FFBEB84AF}.Release|x86.ActiveCfg = Release|Win32
		{1D9C2D74-ED36-4B96-ADC5-F37FFBEB84AF}.Release|x86.Build.0 = Release|Win32
		{133E8E86-6206-4205-A74C-C70BE929F6B4}.Debug|x64.ActiveCfg = Debug|x64
		{133E8E86-6206-4205-A74C-C70BE929F6B4}.Debug|x64.Build.0 = Debug|x64
		{133E8E86-6206-4205-A74C-C70BE929F6B4}.Debug|x86.ActiveCfg = Debug|Win32
		{133E8E86-6206-4205-A74C-C70BE929F6B4}.Debug|x86.Build.0 = Debug|Win32
		{133E8E86-6206-4205-A74C-C70BE929F6B4}.Release|x64.ActiveCfg = Release|x64
		{133E8E86-6206-4205-A74C-C70BE929F6B4}.Release|x64.Build.0 = Release|x64
		{133E8E86-6206-4205-A74C-C70BE929F6B4}.Release|x86.ActiveCfg = Release|Win32
		{133E8E86-6206-4205-A74C-C70BE929F6B4}.Release|x86.Build.0 = Release|Win32
		{A0F056E9-5FE2-438D-A126-70CBFA4814C7}.Debug|x64.ActiveCfg = Debug|x64
		{A0F056E9-5FE2-438D-A126-70CBFA4814C7}.Debug|x64.Build.0 = Debug|x64
		{A0F056E9-5FE2-438D-A126-70CBFA4814C7}.Debug|x86.ActiveCfg = Debug|Win32
		{A0F056E9-5FE2-438D-A126-70CBFA4814C7}.Debug|x86.Build.0 = Debug|Win32
		{A0F056E9-5FE2-438D-A126-70CBFA4814C7}.Release|x64.ActiveCfg = Release|x64
		{A0F056E9-5FE2-438D-A126-70CBFA4814C7}.Release|x64.Build.0 = Release|x64
		{A0F056E9-5FE2-438D-A126-70CBFA4814C7}.Release|x86.ActiveCfg = Release|Win32
		{A0F056E9-5FE2-438D-A126-70CBFA4814C7}.Release|x86.Build.0 = Release|Win32
		{E1DBA85B-3E46-4754-A33E-3E70AF54BDEE}.Debug|x64.ActiveCfg = Debug|x64
		{E1DBA85B-3E46-4754-A33E-3E70AF54BDEE}.Debug|x64.Build.0 = Debug|x64
		{E1DBA85B-3E46-4754-A33E-3E70AF54BDEE}.Debug|x86.ActiveCfg = Debug|Win32
		{E1DBA85B-3E46-4754-A33E-3E70AF54BDEE}.Debug|x86.Build.0 = Debug|Win32
		{E1DBA85B-3E46-4754-A33E-3E70AF54BDEE}.Release|x64.ActiveCfg = Release|x64
		{E1DBA85B-3E46-4754-A33E-3E70AF54BDEE}.Release|x64.Build.0 = Release|x64
		{E1DBA85B-3E46-4754-A33E-3E70AF54BDEE}.Release|x86.ActiveCfg = Release|Win32
		{E1DBA85B-3E46-4754-A33E-3E70AF54BDEE}.Release|x86.Build.0 = Release|Win32
	EndGlobalSection
	GlobalSection(SolutionProperties) = preSolution
		HideSolutionNode = FALSE
	EndGlobalSection
	GlobalSection(ExtensibilityGlobals) = postSolution
		SolutionGuid = {C99B35A0-DECC-4A76-AF81-6CAC49176A2E}
	EndGlobalSection
EndGlobal
